// !$*UTF8*$!
{
	archiveVersion = 1;
	classes = {
	};
	objectVersion = 46;
	objects = {

/* Begin PBXBuildFile section */
		760B5C231A8A22B0007DD337 /* main.m in Sources */ = {isa = PBXBuildFile; fileRef = 760B5C221A8A22B0007DD337 /* main.m */; };
		760B5C261A8A22B0007DD337 /* AppDelegate.m in Sources */ = {isa = PBXBuildFile; fileRef = 760B5C251A8A22B0007DD337 /* AppDelegate.m */; };
		760B5C291A8A22B0007DD337 /* ViewController.m in Sources */ = {isa = PBXBuildFile; fileRef = 760B5C281A8A22B0007DD337 /* ViewController.m */; };
		760B5C2C1A8A22B0007DD337 /* Main.storyboard in Resources */ = {isa = PBXBuildFile; fileRef = 760B5C2A1A8A22B0007DD337 /* Main.storyboard */; };
		760B5C2E1A8A22B0007DD337 /* Images.xcassets in Resources */ = {isa = PBXBuildFile; fileRef = 760B5C2D1A8A22B0007DD337 /* Images.xcassets */; };
		760B5C311A8A22B0007DD337 /* LaunchScreen.xib in Resources */ = {isa = PBXBuildFile; fileRef = 760B5C2F1A8A22B0007DD337 /* LaunchScreen.xib */; };
		760B5C3D1A8A22B1007DD337 /* MenuTableViewTests.m in Sources */ = {isa = PBXBuildFile; fileRef = 760B5C3C1A8A22B1007DD337 /* MenuTableViewTests.m */; };
		7610A01C1A8AEA2900419186 /* MenuCell.m in Sources */ = {isa = PBXBuildFile; fileRef = 7610A01B1A8AEA2900419186 /* MenuCell.m */; };
		7610A01F1A8B059700419186 /* MenuTableView.m in Sources */ = {isa = PBXBuildFile; fileRef = 7610A01E1A8B059700419186 /* MenuTableView.m */; };
		7610A0221A8B066600419186 /* OverlayView.m in Sources */ = {isa = PBXBuildFile; fileRef = 7610A0211A8B066600419186 /* OverlayView.m */; };
		7610A0251A8B2D6B00419186 /* CJCell.m in Sources */ = {isa = PBXBuildFile; fileRef = 7610A0241A8B2D6B00419186 /* CJCell.m */; };
		7610A0281A8B2DA900419186 /* CJTableView.m in Sources */ = {isa = PBXBuildFile; fileRef = 7610A0271A8B2DA900419186 /* CJTableView.m */; };
/* End PBXBuildFile section */

/* Begin PBXContainerItemProxy section */
		760B5C371A8A22B1007DD337 /* PBXContainerItemProxy */ = {
			isa = PBXContainerItemProxy;
			containerPortal = 760B5C151A8A22B0007DD337 /* Project object */;
			proxyType = 1;
			remoteGlobalIDString = 760B5C1C1A8A22B0007DD337;
			remoteInfo = MenuTableView;
		};
/* End PBXContainerItemProxy section */

/* Begin PBXFileReference section */
		760B5C1D1A8A22B0007DD337 /* MenuTableView.app */ = {isa = PBXFileReference; explicitFileType = wrapper.application; includeInIndex = 0; path = MenuTableView.app; sourceTree = BUILT_PRODUCTS_DIR; };
		760B5C211A8A22B0007DD337 /* Info.plist */ = {isa = PBXFileReference; lastKnownFileType = text.plist.xml; path = Info.plist; sourceTree = "<group>"; };
		760B5C221A8A22B0007DD337 /* main.m */ = {isa = PBXFileReference; lastKnownFileType = sourcecode.c.objc; path = main.m; sourceTree = "<group>"; };
		760B5C241A8A22B0007DD337 /* AppDelegate.h */ = {isa = PBXFileReference; lastKnownFileType = sourcecode.c.h; path = AppDelegate.h; sourceTree = "<group>"; };
		760B5C251A8A22B0007DD337 /* AppDelegate.m */ = {isa = PBXFileReference; lastKnownFileType = sourcecode.c.objc; path = AppDelegate.m; sourceTree = "<group>"; };
		760B5C271A8A22B0007DD337 /* ViewController.h */ = {isa = PBXFileReference; lastKnownFileType = sourcecode.c.h; path = ViewController.h; sourceTree = "<group>"; };
		760B5C281A8A22B0007DD337 /* ViewController.m */ = {isa = PBXFileReference; lastKnownFileType = sourcecode.c.objc; path = ViewController.m; sourceTree = "<group>"; };
		760B5C2B1A8A22B0007DD337 /* Base */ = {isa = PBXFileReference; lastKnownFileType = file.storyboard; name = Base; path = Base.lproj/Main.storyboard; sourceTree = "<group>"; };
		760B5C2D1A8A22B0007DD337 /* Images.xcassets */ = {isa = PBXFileReference; lastKnownFileType = folder.assetcatalog; path = Images.xcassets; sourceTree = "<group>"; };
		760B5C301A8A22B0007DD337 /* Base */ = {isa = PBXFileReference; lastKnownFileType = file.xib; name = Base; path = Base.lproj/LaunchScreen.xib; sourceTree = "<group>"; };
		760B5C361A8A22B1007DD337 /* MenuTableViewTests.xctest */ = {isa = PBXFileReference; explicitFileType = wrapper.cfbundle; includeInIndex = 0; path = MenuTableViewTests.xctest; sourceTree = BUILT_PRODUCTS_DIR; };
		760B5C3B1A8A22B1007DD337 /* Info.plist */ = {isa = PBXFileReference; lastKnownFileType = text.plist.xml; path = Info.plist; sourceTree = "<group>"; };
		760B5C3C1A8A22B1007DD337 /* MenuTableViewTests.m */ = {isa = PBXFileReference; lastKnownFileType = sourcecode.c.objc; path = MenuTableViewTests.m; sourceTree = "<group>"; };
		7610A01A1A8AEA2900419186 /* MenuCell.h */ = {isa = PBXFileReference; fileEncoding = 4; lastKnownFileType = sourcecode.c.h; path = MenuCell.h; sourceTree = "<group>"; };
		7610A01B1A8AEA2900419186 /* MenuCell.m */ = {isa = PBXFileReference; fileEncoding = 4; lastKnownFileType = sourcecode.c.objc; path = MenuCell.m; sourceTree = "<group>"; };
		7610A01D1A8B059700419186 /* MenuTableView.h */ = {isa = PBXFileReference; fileEncoding = 4; lastKnownFileType = sourcecode.c.h; path = MenuTableView.h; sourceTree = "<group>"; };
		7610A01E1A8B059700419186 /* MenuTableView.m */ = {isa = PBXFileReference; fileEncoding = 4; lastKnownFileType = sourcecode.c.objc; path = MenuTableView.m; sourceTree = "<group>"; };
		7610A0201A8B066600419186 /* OverlayView.h */ = {isa = PBXFileReference; fileEncoding = 4; lastKnownFileType = sourcecode.c.h; path = OverlayView.h; sourceTree = "<group>"; };
		7610A0211A8B066600419186 /* OverlayView.m */ = {isa = PBXFileReference; fileEncoding = 4; lastKnownFileType = sourcecode.c.objc; path = OverlayView.m; sourceTree = "<group>"; };
		7610A0231A8B2D6B00419186 /* CJCell.h */ = {isa = PBXFileReference; fileEncoding = 4; lastKnownFileType = sourcecode.c.h; path = CJCell.h; sourceTree = "<group>"; };
		7610A0241A8B2D6B00419186 /* CJCell.m */ = {isa = PBXFileReference; fileEncoding = 4; lastKnownFileType = sourcecode.c.objc; path = CJCell.m; sourceTree = "<group>"; };
		7610A0261A8B2DA900419186 /* CJTableView.h */ = {isa = PBXFileReference; fileEncoding = 4; lastKnownFileType = sourcecode.c.h; path = CJTableView.h; sourceTree = "<group>"; };
		7610A0271A8B2DA900419186 /* CJTableView.m */ = {isa = PBXFileReference; fileEncoding = 4; lastKnownFileType = sourcecode.c.objc; path = CJTableView.m; sourceTree = "<group>"; };
/* End PBXFileReference section */

/* Begin PBXFrameworksBuildPhase section */
		760B5C1A1A8A22B0007DD337 /* Frameworks */ = {
			isa = PBXFrameworksBuildPhase;
			buildActionMask = 2147483647;
			files = (
			);
			runOnlyForDeploymentPostprocessing = 0;
		};
		760B5C331A8A22B1007DD337 /* Frameworks */ = {
			isa = PBXFrameworksBuildPhase;
			buildActionMask = 2147483647;
			files = (
			);
			runOnlyForDeploymentPostprocessing = 0;
		};
/* End PBXFrameworksBuildPhase section */

/* Begin PBXGroup section */
		760B5C141A8A22AF007DD337 = {
			isa = PBXGroup;
			children = (
				760B5C1F1A8A22B0007DD337 /* MenuTableView */,
				760B5C391A8A22B1007DD337 /* MenuTableViewTests */,
				760B5C1E1A8A22B0007DD337 /* Products */,
			);
			sourceTree = "<group>";
		};
		760B5C1E1A8A22B0007DD337 /* Products */ = {
			isa = PBXGroup;
			children = (
				760B5C1D1A8A22B0007DD337 /* MenuTableView.app */,
				760B5C361A8A22B1007DD337 /* MenuTableViewTests.xctest */,
			);
			name = Products;
			sourceTree = "<group>";
		};
		760B5C1F1A8A22B0007DD337 /* MenuTableView */ = {
			isa = PBXGroup;
			children = (
				7610A0191A8AEA0C00419186 /* MenuTableView */,
				760B5C241A8A22B0007DD337 /* AppDelegate.h */,
				760B5C251A8A22B0007DD337 /* AppDelegate.m */,
				760B5C271A8A22B0007DD337 /* ViewController.h */,
				760B5C281A8A22B0007DD337 /* ViewController.m */,
				760B5C2A1A8A22B0007DD337 /* Main.storyboard */,
				760B5C2D1A8A22B0007DD337 /* Images.xcassets */,
				760B5C2F1A8A22B0007DD337 /* LaunchScreen.xib */,
				760B5C201A8A22B0007DD337 /* Supporting Files */,
				7610A0231A8B2D6B00419186 /* CJCell.h */,
				7610A0241A8B2D6B00419186 /* CJCell.m */,
				7610A0261A8B2DA900419186 /* CJTableView.h */,
				7610A0271A8B2DA900419186 /* CJTableView.m */,
			);
			path = MenuTableView;
			sourceTree = "<group>";
		};
		760B5C201A8A22B0007DD337 /* Supporting Files */ = {
			isa = PBXGroup;
			children = (
				760B5C211A8A22B0007DD337 /* Info.plist */,
				760B5C221A8A22B0007DD337 /* main.m */,
			);
			name = "Supporting Files";
			sourceTree = "<group>";
		};
		760B5C391A8A22B1007DD337 /* MenuTableViewTests */ = {
			isa = PBXGroup;
			children = (
				760B5C3C1A8A22B1007DD337 /* MenuTableViewTests.m */,
				760B5C3A1A8A22B1007DD337 /* Supporting Files */,
			);
			path = MenuTableViewTests;
			sourceTree = "<group>";
		};
		760B5C3A1A8A22B1007DD337 /* Supporting Files */ = {
			isa = PBXGroup;
			children = (
				760B5C3B1A8A22B1007DD337 /* Info.plist */,
			);
			name = "Supporting Files";
			sourceTree = "<group>";
		};
		7610A0191A8AEA0C00419186 /* MenuTableView */ = {
			isa = PBXGroup;
			children = (
				7610A01A1A8AEA2900419186 /* MenuCell.h */,
				7610A01B1A8AEA2900419186 /* MenuCell.m */,
				7610A01D1A8B059700419186 /* MenuTableView.h */,
				7610A01E1A8B059700419186 /* MenuTableView.m */,
				7610A0201A8B066600419186 /* OverlayView.h */,
				7610A0211A8B066600419186 /* OverlayView.m */,
			);
			name = MenuTableView;
			sourceTree = "<group>";
		};
/* End PBXGroup section */

/* Begin PBXNativeTarget section */
		760B5C1C1A8A22B0007DD337 /* MenuTableView */ = {
			isa = PBXNativeTarget;
			buildConfigurationList = 760B5C401A8A22B1007DD337 /* Build configuration list for PBXNativeTarget "MenuTableView" */;
			buildPhases = (
				760B5C191A8A22B0007DD337 /* Sources */,
				760B5C1A1A8A22B0007DD337 /* Frameworks */,
				760B5C1B1A8A22B0007DD337 /* Resources */,
			);
			buildRules = (
			);
			dependencies = (
			);
			name = MenuTableView;
			productName = MenuTableView;
			productReference = 760B5C1D1A8A22B0007DD337 /* MenuTableView.app */;
			productType = "com.apple.product-type.application";
		};
		760B5C351A8A22B1007DD337 /* MenuTableViewTests */ = {
			isa = PBXNativeTarget;
			buildConfigurationList = 760B5C431A8A22B1007DD337 /* Build configuration list for PBXNativeTarget "MenuTableViewTests" */;
			buildPhases = (
				760B5C321A8A22B1007DD337 /* Sources */,
				760B5C331A8A22B1007DD337 /* Frameworks */,
				760B5C341A8A22B1007DD337 /* Resources */,
			);
			buildRules = (
			);
			dependencies = (
				760B5C381A8A22B1007DD337 /* PBXTargetDependency */,
			);
			name = MenuTableViewTests;
			productName = MenuTableViewTests;
			productReference = 760B5C361A8A22B1007DD337 /* MenuTableViewTests.xctest */;
			productType = "com.apple.product-type.bundle.unit-test";
		};
/* End PBXNativeTarget section */

/* Begin PBXProject section */
		760B5C151A8A22B0007DD337 /* Project object */ = {
			isa = PBXProject;
			attributes = {
				LastUpgradeCheck = 0610;
				ORGANIZATIONNAME = Henry;
				TargetAttributes = {
					760B5C1C1A8A22B0007DD337 = {
						CreatedOnToolsVersion = 6.1.1;
					};
					760B5C351A8A22B1007DD337 = {
						CreatedOnToolsVersion = 6.1.1;
						TestTargetID = 760B5C1C1A8A22B0007DD337;
					};
				};
			};
			buildConfigurationList = 760B5C181A8A22B0007DD337 /* Build configuration list for PBXProject "MenuTableView" */;
			compatibilityVersion = "Xcode 3.2";
			developmentRegion = English;
			hasScannedForEncodings = 0;
			knownRegions = (
				en,
				Base,
			);
			mainGroup = 760B5C141A8A22AF007DD337;
			productRefGroup = 760B5C1E1A8A22B0007DD337 /* Products */;
			projectDirPath = "";
			projectRoot = "";
			targets = (
				760B5C1C1A8A22B0007DD337 /* MenuTableView */,
				760B5C351A8A22B1007DD337 /* MenuTableViewTests */,
			);
		};
/* End PBXProject section */

/* Begin PBXResourcesBuildPhase section */
		760B5C1B1A8A22B0007DD337 /* Resources */ = {
			isa = PBXResourcesBuildPhase;
			buildActionMask = 2147483647;
			files = (
				760B5C2C1A8A22B0007DD337 /* Main.storyboard in Resources */,
				760B5C311A8A22B0007DD337 /* LaunchScreen.xib in Resources */,
				760B5C2E1A8A22B0007DD337 /* Images.xcassets in Resources */,
			);
			runOnlyForDeploymentPostprocessing = 0;
		};
		760B5C341A8A22B1007DD337 /* Resources */ = {
			isa = PBXResourcesBuildPhase;
			buildActionMask = 2147483647;
			files = (
			);
			runOnlyForDeploymentPostprocessing = 0;
		};
/* End PBXResourcesBuildPhase section */

/* Begin PBXSourcesBuildPhase section */
		760B5C191A8A22B0007DD337 /* Sources */ = {
			isa = PBXSourcesBuildPhase;
			buildActionMask = 2147483647;
			files = (
				7610A0281A8B2DA900419186 /* CJTableView.m in Sources */,
				7610A01F1A8B059700419186 /* MenuTableView.m in Sources */,
				7610A0251A8B2D6B00419186 /* CJCell.m in Sources */,
				7610A0221A8B066600419186 /* OverlayView.m in Sources */,
				760B5C291A8A22B0007DD337 /* ViewController.m in Sources */,
				760B5C261A8A22B0007DD337 /* AppDelegate.m in Sources */,
				7610A01C1A8AEA2900419186 /* MenuCell.m in Sources */,
				760B5C231A8A22B0007DD337 /* main.m in Sources */,
			);
			runOnlyForDeploymentPostprocessing = 0;
		};
		760B5C321A8A22B1007DD337 /* Sources */ = {
			isa = PBXSourcesBuildPhase;
			buildActionMask = 2147483647;
			files = (
				760B5C3D1A8A22B1007DD337 /* MenuTableViewTests.m in Sources */,
			);
			runOnlyForDeploymentPostprocessing = 0;
		};
/* End PBXSourcesBuildPhase section */

/* Begin PBXTargetDependency section */
		760B5C381A8A22B1007DD337 /* PBXTargetDependency */ = {
			isa = PBXTargetDependency;
			target = 760B5C1C1A8A22B0007DD337 /* MenuTableView */;
			targetProxy = 760B5C371A8A22B1007DD337 /* PBXContainerItemProxy */;
		};
/* End PBXTargetDependency section */

/* Begin PBXVariantGroup section */
		760B5C2A1A8A22B0007DD337 /* Main.storyboard */ = {
			isa = PBXVariantGroup;
			children = (
				760B5C2B1A8A22B0007DD337 /* Base */,
			);
			name = Main.storyboard;
			sourceTree = "<group>";
		};
		760B5C2F1A8A22B0007DD337 /* LaunchScreen.xib */ = {
			isa = PBXVariantGroup;
			children = (
				760B5C301A8A22B0007DD337 /* Base */,
			);
			name = LaunchScreen.xib;
			sourceTree = "<group>";
		};
/* End PBXVariantGroup section */

/* Begin XCBuildConfiguration section */
		760B5C3E1A8A22B1007DD337 /* Debug */ = {
			isa = XCBuildConfiguration;
			buildSettings = {
				ALWAYS_SEARCH_USER_PATHS = NO;
				CLANG_CXX_LANGUAGE_STANDARD = "gnu++0x";
				CLANG_CXX_LIBRARY = "libc++";
				CLANG_ENABLE_MODULES = YES;
				CLANG_ENABLE_OBJC_ARC = YES;
				CLANG_WARN_BOOL_CONVERSION = YES;
				CLANG_WARN_CONSTANT_CONVERSION = YES;
				CLANG_WARN_DIRECT_OBJC_ISA_USAGE = YES_ERROR;
				CLANG_WARN_EMPTY_BODY = YES;
				CLANG_WARN_ENUM_CONVERSION = YES;
				CLANG_WARN_INT_CONVERSION = YES;
				CLANG_WARN_OBJC_ROOT_CLASS = YES_ERROR;
				CLANG_WARN_UNREACHABLE_CODE = YES;
				CLANG_WARN__DUPLICATE_METHOD_MATCH = YES;
				"CODE_SIGN_IDENTITY[sdk=iphoneos*]" = "iPhone Developer";
				COPY_PHASE_STRIP = NO;
				ENABLE_STRICT_OBJC_MSGSEND = YES;
				GCC_C_LANGUAGE_STANDARD = gnu99;
				GCC_DYNAMIC_NO_PIC = NO;
				GCC_OPTIMIZATION_LEVEL = 0;
				GCC_PREPROCESSOR_DEFINITIONS = (
					"DEBUG=1",
					"$(inherited)",
				);
				GCC_SYMBOLS_PRIVATE_EXTERN = NO;
				GCC_WARN_64_TO_32_BIT_CONVERSION = YES;
				GCC_WARN_ABOUT_RETURN_TYPE = YES_ERROR;
				GCC_WARN_UNDECLARED_SELECTOR = YES;
				GCC_WARN_UNINITIALIZED_AUTOS = YES_AGGRESSIVE;
				GCC_WARN_UNUSED_FUNCTION = YES;
				GCC_WARN_UNUSED_VARIABLE = YES;
				IPHONEOS_DEPLOYMENT_TARGET = 8.1;
				MTL_ENABLE_DEBUG_INFO = YES;
				ONLY_ACTIVE_ARCH = YES;
				SDKROOT = iphoneos;
			};
			name = Debug;
		};
		760B5C3F1A8A22B1007DD337 /* Release */ = {
			isa = XCBuildConfiguration;
			buildSettings = {
				ALWAYS_SEARCH_USER_PATHS = NO;
				CLANG_CXX_LANGUAGE_STANDARD = "gnu++0x";
				CLANG_CXX_LIBRARY = "libc++";
				CLANG_ENABLE_MODULES = YES;
				CLANG_ENABLE_OBJC_ARC = YES;
				CLANG_WARN_BOOL_CONVERSION = YES;
				CLANG_WARN_CONSTANT_CONVERSION = YES;
				CLANG_WARN_DIRECT_OBJC_ISA_USAGE = YES_ERROR;
				CLANG_WARN_EMPTY_BODY = YES;
				CLANG_WARN_ENUM_CONVERSION = YES;
				CLANG_WARN_INT_CONVERSION = YES;
				CLANG_WARN_OBJC_ROOT_CLASS = YES_ERROR;
				CLANG_WARN_UNREACHABLE_CODE = YES;
				CLANG_WARN__DUPLICATE_METHOD_MATCH = YES;
				"CODE_SIGN_IDENTITY[sdk=iphoneos*]" = "iPhone Developer";
				COPY_PHASE_STRIP = YES;
				ENABLE_NS_ASSERTIONS = NO;
				ENABLE_STRICT_OBJC_MSGSEND = YES;
				GCC_C_LANGUAGE_STANDARD = gnu99;
				GCC_WARN_64_TO_32_BIT_CONVERSION = YES;
				GCC_WARN_ABOUT_RETURN_TYPE = YES_ERROR;
				GCC_WARN_UNDECLARED_SELECTOR = YES;
				GCC_WARN_UNINITIALIZED_AUTOS = YES_AGGRESSIVE;
				GCC_WARN_UNUSED_FUNCTION = YES;
				GCC_WARN_UNUSED_VARIABLE = YES;
				IPHONEOS_DEPLOYMENT_TARGET = 8.1;
				MTL_ENABLE_DEBUG_INFO = NO;
				SDKROOT = iphoneos;
				VALIDATE_PRODUCT = YES;
			};
			name = Release;
		};
		760B5C411A8A22B1007DD337 /* Debug */ = {
			isa = XCBuildConfiguration;
			buildSettings = {
				ASSETCATALOG_COMPILER_APPICON_NAME = AppIcon;
				INFOPLIST_FILE = MenuTableView/Info.plist;
				LD_RUNPATH_SEARCH_PATHS = "$(inherited) @executable_path/Frameworks";
				PRODUCT_NAME = "$(TARGET_NAME)";
			};
			name = Debug;
		};
		760B5C421A8A22B1007DD337 /* Release */ = {
			isa = XCBuildConfiguration;
			buildSettings = {
				ASSETCATALOG_COMPILER_APPICON_NAME = AppIcon;
				INFOPLIST_FILE = MenuTableView/Info.plist;
				LD_RUNPATH_SEARCH_PATHS = "$(inherited) @executable_path/Frameworks";
				PRODUCT_NAME = "$(TARGET_NAME)";
			};
			name = Release;
		};
		760B5C441A8A22B1007DD337 /* Debug */ = {
			isa = XCBuildConfiguration;
			buildSettings = {
				BUNDLE_LOADER = "$(TEST_HOST)";
				FRAMEWORK_SEARCH_PATHS = (
					"$(SDKROOT)/Developer/Library/Frameworks",
					"$(inherited)",
				);
				GCC_PREPROCESSOR_DEFINITIONS = (
					"DEBUG=1",
					"$(inherited)",
				);
				INFOPLIST_FILE = MenuTableViewTests/Info.plist;
				LD_RUNPATH_SEARCH_PATHS = "$(inherited) @executable_path/Frameworks @loader_path/Frameworks";
				PRODUCT_NAME = "$(TARGET_NAME)";
				TEST_HOST = "$(BUILT_PRODUCTS_DIR)/MenuTableView.app/MenuTableView";
			};
			name = Debug;
		};
		760B5C451A8A22B1007DD337 /* Release */ = {
			isa = XCBuildConfiguration;
			buildSettings = {
				BUNDLE_LOADER = "$(TEST_HOST)";
				FRAMEWORK_SEARCH_PATHS = (
					"$(SDKROOT)/Developer/Library/Frameworks",
					"$(inherited)",
				);
				INFOPLIST_FILE = MenuTableViewTests/Info.plist;
				LD_RUNPATH_SEARCH_PATHS = "$(inherited) @executable_path/Frameworks @loader_path/Frameworks";
				PRODUCT_NAME = "$(TARGET_NAME)";
				TEST_HOST = "$(BUILT_PRODUCTS_DIR)/MenuTableView.app/MenuTableView";
			};
			name = Release;
		};
/* End XCBuildConfiguration section */

/* Begin XCConfigurationList section */
		760B5C181A8A22B0007DD337 /* Build configuration list for PBXProject "MenuTableView" */ = {
			isa = XCConfigurationList;
			buildConfigurations = (
				760B5C3E1A8A22B1007DD337 /* Debug */,
				760B5C3F1A8A22B1007DD337 /* Release */,
			);
			defaultConfigurationIsVisible = 0;
			defaultConfigurationName = Release;
		};
		760B5C401A8A22B1007DD337 /* Build configuration list for PBXNativeTarget "MenuTableView" */ = {
			isa = XCConfigurationList;
			buildConfigurations = (
				760B5C411A8A22B1007DD337 /* Debug */,
				760B5C421A8A22B1007DD337 /* Release */,
			);
			defaultConfigurationIsVisible = 0;
			defaultConfigurationName = Release;
		};
		760B5C431A8A22B1007DD337 /* Build configuration list for PBXNativeTarget "MenuTableViewTests" */ = {
			isa = XCConfigurationList;
			buildConfigurations = (
				760B5C441A8A22B1007DD337 /* Debug */,
				760B5C451A8A22B1007DD337 /* Release */,
			);
			defaultConfigurationIsVisible = 0;
			defaultConfigurationName = Release;
		};
/* End XCConfigurationList section */
	};
	rootObject = 760B5C151A8A22B0007DD337 /* Project object */;
}
